
Microsoft Visual Studio Solution File, Format Version 12.00
# Visual Studio Version 17
VisualStudioVersion = 17.3.32819.101
MinimumVisualStudioVersion = 10.0.40219.1
Project("{FAE04EC0-301F-11D3-BF4B-00C04F79EFBC}") = "Projeto", "Projeto\Projeto.csproj", "{94B14CA7-1F2C-4244-A042-2634A645B5C9}"
EndProject
Global
	GlobalSection(SolutionConfigurationPlatforms) = preSolution
		Debug|Any CPU = Debug|Any CPU
		Release|Any CPU = Release|Any CPU
	EndGlobalSection
	GlobalSection(ProjectConfigurationPlatforms) = postSolution
		{94B14CA7-1F2C-4244-A042-2634A645B5C9}.Debug|Any CPU.ActiveCfg = Debug|Any CPU
		{94B14CA7-1F2C-4244-A042-2634A645B5C9}.Debug|Any CPU.Build.0 = Debug|Any CPU
		{94B14CA7-1F2C-4244-A042-2634A645B5C9}.Release|Any CPU.ActiveCfg = Release|Any CPU
		{94B14CA7-1F2C-4244-A042-2634A645B5C9}.Release|Any CPU.Build.0 = Release|Any CPU
	EndGlobalSection
	GlobalSection(SolutionProperties) = preSolution
		HideSolutionNode = FALSE
	EndGlobalSection
	GlobalSection(ExtensibilityGlobals) = postSolution
		SolutionGuid = {956466B0-4979-446C-8872-F5EACF7BCE93}
	EndGlobalSection
EndGlobal
